version = 1
revision = 3
requires-python = ">=3.12, <3.14"

[[package]]
name = "cy-encrypt"
source = { virtual = "." }
dependencies = [
    { name = "cython" },
    { name = "setuptools" },
]

[package.metadata]
requires-dist = [
    { name = "cython", specifier = ">=3.1.0,<3.3.0" },
    { name = "setuptools", specifier = ">=80.0.0,<85.0.0" },
]

[[package]]
name = "cython"
version = "3.2.9"
source = { registry = "https://pypi.tuna.tsinghua.edu.cn/simple" }
sdist = { url = "https://pypi.tuna.tsinghua.edu.cn/packages/f6/de/db48b8870e766cfea809986cc50c1e986c663a9ab7bafd0ac1a2512c4a26/cython-3.2.9.tar.gz", hash = "sha256:d249c9022ab13286b17bd66f30609e800c5f95efeecb06168990c7a66cecde6c", size = 3293493, upload-time = "2026-07-24T06:21:21.867Z" }
wheels = [
    { url = "https://pypi.tuna.tsinghua.edu.cn/packages/fd/37/c74d842306c8fe381c415b37460d5e3086a820fac72b8ff5cb48513ccfcd/cython-3.2.9-cp312-cp312-macosx_11_0_arm64.whl", hash = "sha256:114b2dee0fa1daa48a59574d848da0ff1b6bdb725a755e9b92fad14962e1ff8d", size = 3009571, upload-time = "2026-07-24T06:21:52.534Z" },
    { url = "https://pypi.tuna.tsinghua.edu.cn/packages/15/c0/f7c42b161edd585e3ae556fd62a2c72cd80a6ed527a9907f0c5c6fb060de/cython-3.2.9-cp312-cp312-manylinux2014_aarch64.manylinux_2_17_aarch64.manylinux_2_28_aarch64.whl", hash = "sha256:a5cd9c5f138cb052130b40ad3b6976d2180c35348410995812678f4636bd8f94", size = 3183562, upload-time = "2026-07-24T06:21:54.62Z" },
    { url = "https://pypi.tuna.tsinghua.edu.cn/packages/56/1b/c04520ac7f3157aa12a69b632c16261170dac9fab6c48608cc004b8f1b17/cython-3.2.9-cp312-cp312-manylinux2014_x86_64.manylinux_2_17_x86_64.manylinux_2_28_x86_64.whl", hash = "sha256:23e80bc885c599e72072e18d0746df82d394b73100c1e153cda7359e6e59fe09", size = 3354811, upload-time = "2026-07-24T06:21:56.72Z" },
    { url = "https://pypi.tuna.tsinghua.edu.cn/packages/0b/b5/4ce33235a25b19fcd51dc639f0f403b783a3b7f9b1934eade0d993fbe029/cython-3.2.9-cp312-cp312-win_amd64.whl", hash = "sha256:4b1fd5a9c03f72a18618668a8e90d569442ed742f910e3ad003dcc9348e9598b", size = 2778077, upload-time = "2026-07-24T06:21:58.7Z" },
    { url = "https://pypi.tuna.tsinghua.edu.cn/packages/83/fa/7ffbaab88558e28411715ad35d913cac7d64ee965344c185325da84c4309/cython-3.2.9-cp313-cp313-macosx_11_0_arm64.whl", hash = "sha256:44b7fc417933d65bf31bce00337ff318efa3ea59daed21d10fe842d41e657c08", size = 2998816, upload-time = "2026-07-24T06:22:00.822Z" },
    { url = "https://pypi.tuna.tsinghua.edu.cn/packages/04/69/feed68904f389452494d9e0861c24228c0bda656f9fbd32f9e5b525b2ef4/cython-3.2.9-cp313-cp313-manylinux2014_aarch64.manylinux_2_17_aarch64.manylinux_2_28_aarch64.whl", hash = "sha256:41637c644d7224d2d3170ee312077c2173693f0d4a0da1c82a0cffa3680a42dc", size = 3185802, upload-time = "2026-07-24T06:22:02.831Z" },
    { url = "https://pypi.tuna.tsinghua.edu.cn/packages/f0/0d/a7f094343e5c4925efac60e6dbdcf8602042e7f54c83ae14ccbc8033d2d9/cython-3.2.9-cp313-cp313-manylinux2014_x86_64.manylinux_2_17_x86_64.manylinux_2_28_x86_64.whl", hash = "sha256:f815cd3387bd88ca9eeabc357ce4bdf884eef0ab2949db0fbd5e0b69fe5ee422", size = 3360405, upload-time = "2026-07-24T06:22:04.645Z" },
    { url = "https://pypi.tuna.tsinghua.edu.cn/packages/3f/ba/a5c25226e29cb4f3a2c97d2b29de10e37c8a6b67b3c2f2a8b16ba713b218/cython-3.2.9-cp313-cp313-win_amd64.whl", hash = "sha256:ddb43637b7749b88644df4319e1c36f767e7fb71a92bb9942558c8de2f1cc5f4", size = 2774714, upload-time = "2026-07-24T06:22:06.953Z" },
    { url = "https://pypi.tuna.tsinghua.edu.cn/packages/0a/4a/342312c5fe021c8e0c386e1915d138e0902c48ae179b0374ab04773a8831/cython-3.2.9-cp39-abi3-macosx_10_9_x86_64.whl", hash = "sha256:944dc8747f640b3527649c566a5fc75ee0c15e80642ea2fdae4fe6378e1a9d4a", size = 2899729, upload-time = "2026-07-24T06:22:24.877Z" },
    { url = "https://pypi.tuna.tsinghua.edu.cn/packages/0a/4a/342312c5fe021c8e0c386e1915d138e0902c48ae179b0374ab04773a8831/cython-3.2.9-cp39-abi3-macosx_10_9_x86_64.whl", hash = "sha256:944dc8747f640b3527649c566a5fc75ee0c15e80642ea2fdae4fe6378e1a9d4a", size = 2899729, upload-time = "2026-07-24T06:22:24.877Z" },
    { url = "https://pypi.tuna.tsinghua.edu.cn/packages/f0/62/ea919ee426cb4d435ec8155e1ee6bcbb46b20d8f070527191b59769d4e7f/cython-3.2.9-cp39-abi3-manylinux1_i686.manylinux_2_28_i686.manylinux_2_5_i686.whl", hash = "sha256:4b871ad97dd7fb1cbf56f6238c54423febd310afc1d9d9bc70c69c89b7ce57fc", size = 3226650, upload-time = "2026-07-24T06:22:26.947Z" },
    { url = "https://pypi.tuna.tsinghua.edu.cn/packages/18/02/057b4f63e2ced8c3cf217c4e9fb544bfe48145f493347c7ca3f51607526c/cython-3.2.9-cp39-abi3-manylinux2014_armv7l.manylinux_2_17_armv7l.manylinux_2_31_armv7l.whl", hash = "sha256:e9b6ebc6c74b4318eaa4e51e520dc8b95ebc7b262953c3ecb24131104681f14e", size = 2881919, upload-time = "2026-07-24T06:22:29.318Z" },
    { url = "https://pypi.tuna.tsinghua.edu.cn/packages/64/e4/e158793ee3de7e4417ba17e7ff1015d6e2cf557cb485ad270b2446c9d1c7/cython-3.2.9-cp39-abi3-musllinux_1_2_aarch64.whl", hash = "sha256:92989da161a7d18a7ad4baebc49289b2b77556d5a94916f90140ba26aecf6892", size = 3004702, upload-time = "2026-07-24T06:22:31.535Z" },
    { url = "https://pypi.tuna.tsinghua.edu.cn/packages/f9/c0/d5bbbd743ab4feddb24a7e823b34c3ec4ebab91ff503d16743a4e7ce106b/cython-3.2.9-cp39-abi3-musllinux_1_2_armv7l.whl", hash = "sha256:e75ec625d8f8781ced690b7a2f5c2d138067711cf24bb8fb68c872c30c2fefe5", size = 2902695, upload-time = "2026-07-24T06:22:33.525Z" },
    { url = "https://pypi.tuna.tsinghua.edu.cn/packages/d6/2f/80850817395985259f135baa510d9186d3a325df81cd1862060bba977029/cython-3.2.9-cp39-abi3-musllinux_1_2_i686.whl", hash = "sha256:2b1756ddc3bc0cd4341a515fc420c3e25e13c249f5537159b3fb0bff8d19e55c", size = 3241554, upload-time = "2026-07-24T06:22:35.667Z" },
    { url = "https://pypi.tuna.tsinghua.edu.cn/packages/4c/ce/6be776814f6cb81751f3da737ed537385738148e1ea99f89fb4637799198/cython-3.2.9-cp39-abi3-musllinux_1_2_x86_64.whl", hash = "sha256:7d41baea51ea00f9237f75af498577827493bca5e9b45bbd4e351543727e589a", size = 3124337, upload-time = "2026-07-24T06:22:37.868Z" },
    { url = "https://pypi.tuna.tsinghua.edu.cn/packages/e2/48/27c948cbbfe6050994e67a497ae530955dcda7e79084319321c49969e0fd/cython-3.2.9-cp39-abi3-win32.whl", hash = "sha256:61d4abbf84f77c8d19361d05d9f51d65d8d95e74f736eae55fa1aed8a1430469", size = 2435609, upload-time = "2026-07-24T06:22:40.005Z" },
    { url = "https://pypi.tuna.tsinghua.edu.cn/packages/17/ef/cf0e1bd7542296f1752be63b027f90271448d8c8062eac66d8e44a79b883/cython-3.2.9-cp39-abi3-win_arm64.whl", hash = "sha256:57a6a78d14f7dd7d6062d9bca694e2a8c1c14113b6ceceea076abcd1161fdc5a", size = 2458025, upload-time = "2026-07-24T06:22:41.973Z" },
    { url = "https://pypi.tuna.tsinghua.edu.cn/packages/00/ec/e61deec9bcfbb0e1b36f8b5ba75cb44644419b4bfd0fdd666bffd21d9579/cython-3.2.9-py3-none-any.whl", hash = "sha256:a2b0e87f6b80790c929308ca0831d686f7a180feab684fe8cd4a4380bd96aaca", size = 1259272, upload-time = "2026-07-24T06:21:18.95Z" },
]

[[package]]
name = "setuptools"
version = "84.0.0"
source = { registry = "https://pypi.tuna.tsinghua.edu.cn/simple" }
sdist = { url = "https://pypi.tuna.tsinghua.edu.cn/packages/6d/44/f5da03a8ef95d369145c5bb53050e7877c9f3d312e128605fd9504829143/setuptools-84.0.0.tar.gz", hash = "sha256:f4695c21257f0d9b537ec2692c941d02ee143b7cc1276941349a546573b2ef73", size = 1168449, upload-time = "2026-08-08T18:27:58.365Z" }
wheels = [
    { url = "https://pypi.tuna.tsinghua.edu.cn/packages/95/9c/c510029fc6ef33a6275cd2c5d3cecd6613dfd6aa401d57c54f1c18852ccf/setuptools-84.0.0-py3-none-any.whl", hash = "sha256:51a52592b3b99e102b609654876bd65f19f999935166d1352678931132b0c670", size = 818216, upload-time = "2026-08-08T18:27:56.719Z" },
]
